
Microsoft Visual Studio Solution File, Format Version 12.00
# Visual Studio Version 16
VisualStudioVersion = 16.0.31229.75
MinimumVisualStudioVersion = 10.0.40219.1
Project("{9A19103F-16F7-4668-BE54-9A1E7A4F7556}") = "GrpcServer", "GrpcServer\GrpcServer.csproj", "{69E8DE5F-A960-4A1A-8B52-24C8B11C5CC6}"
EndProject
Global
	GlobalSection(SolutionConfigurationPlatforms) = preSolution
		Debug|Any CPU = Debug|Any CPU
		Release|Any CPU = Release|Any CPU
	EndGlobalSection
	GlobalSection(ProjectConfigurationPlatforms) = postSolution
		{69E8DE5F-A960-4A1A-8B52-24C8B11C5CC6}.Debug|Any CPU.ActiveCfg = Debug|Any CPU
		{69E8DE5F-A960-4A1A-8B52-24C8B11C5CC6}.Debug|Any CPU.Build.0 = Debug|Any CPU
		{69E8DE5F-A960-4A1A-8B52-24C8B11C5CC6}.Release|Any CPU.ActiveCfg = Release|Any CPU
		{69E8DE5F-A960-4A1A-8B52-24C8B11C5CC6}.Release|Any CPU.Build.0 = Release|Any CPU
	EndGlobalSection
	GlobalSection(SolutionProperties) = preSolution
		HideSolutionNode = FALSE
	EndGlobalSection
	GlobalSection(ExtensibilityGlobals) = postSolution
		SolutionGuid = {E8BA28A1-E6C4-4027-95F4-E1E95607C524}
	EndGlobalSection
EndGlobal
